
Microsoft Visual Studio Solution File, Format Version 12.00
# Visual Studio Version 16
VisualStudioVersion = 16.0.31624.102
MinimumVisualStudioVersion = 10.0.40219.1
Project("{FAE04EC0-301F-11D3-BF4B-00C04F79EFBC}") = "DockerTry", "DockerTry\DockerTry.csproj", "{EDD559C5-295E-4F5B-85A9-0F129A0916DF}"
EndProject
Project("{E53339B2-1760-4266-BCC7-CA923CBCF16C}") = "docker-compose", "docker-compose.dcproj", "{AB99810B-2F32-465C-BB72-52AA2DA74E07}"
EndProject
Global
	GlobalSection(SolutionConfigurationPlatforms) = preSolution
		Debug|Any CPU = Debug|Any CPU
		Release|Any CPU = Release|Any CPU
	EndGlobalSection
	GlobalSection(ProjectConfigurationPlatforms) = postSolution
		{EDD559C5-295E-4F5B-85A9-0F129A0916DF}.Debug|Any CPU.ActiveCfg = Debug|Any CPU
		{EDD559C5-295E-4F5B-85A9-0F129A0916DF}.Debug|Any CPU.Build.0 = Debug|Any CPU
		{EDD559C5-295E-4F5B-85A9-0F129A0916DF}.Release|Any CPU.ActiveCfg = Release|Any CPU
		{EDD559C5-295E-4F5B-85A9-0F129A0916DF}.Release|Any CPU.Build.0 = Release|Any CPU
		{AB99810B-2F32-465C-BB72-52AA2DA74E07}.Debug|Any CPU.ActiveCfg = Debug|Any CPU
		{AB99810B-2F32-465C-BB72-52AA2DA74E07}.Debug|Any CPU.Build.0 = Debug|Any CPU
		{AB99810B-2F32-465C-BB72-52AA2DA74E07}.Release|Any CPU.ActiveCfg = Release|Any CPU
		{AB99810B-2F32-465C-BB72-52AA2DA74E07}.Release|Any CPU.Build.0 = Release|Any CPU
	EndGlobalSection
	GlobalSection(SolutionProperties) = preSolution
		HideSolutionNode = FALSE
	EndGlobalSection
	GlobalSection(ExtensibilityGlobals) = postSolution
		SolutionGuid = {668DC954-D889-4485-8312-467B9273EDE0}
	EndGlobalSection
EndGlobal
