
Microsoft Visual Studio Solution File, Format Version 12.00
# Visual Studio Version 16
VisualStudioVersion = 16.0.31624.102
MinimumVisualStudioVersion = 10.0.40219.1
Project("{FAE04EC0-301F-11D3-BF4B-00C04F79EFBC}") = "DockerfileBuildFromCMD", "DockerfileBuildFromCMD\DockerfileBuildFromCMD.csproj", "{382E41F1-2199-4FD9-81E0-5842C1F42496}"
EndProject
Global
	GlobalSection(SolutionConfigurationPlatforms) = preSolution
		Debug|Any CPU = Debug|Any CPU
		Release|Any CPU = Release|Any CPU
	EndGlobalSection
	GlobalSection(ProjectConfigurationPlatforms) = postSolution
		{382E41F1-2199-4FD9-81E0-5842C1F42496}.Debug|Any CPU.ActiveCfg = Debug|Any CPU
		{382E41F1-2199-4FD9-81E0-5842C1F42496}.Debug|Any CPU.Build.0 = Debug|Any CPU
		{382E41F1-2199-4FD9-81E0-5842C1F42496}.Release|Any CPU.ActiveCfg = Release|Any CPU
		{382E41F1-2199-4FD9-81E0-5842C1F42496}.Release|Any CPU.Build.0 = Release|Any CPU
	EndGlobalSection
	GlobalSection(SolutionProperties) = preSolution
		HideSolutionNode = FALSE
	EndGlobalSection
	GlobalSection(ExtensibilityGlobals) = postSolution
		SolutionGuid = {5CCB20E8-8B9D-4E62-A678-F70CFD75831D}
	EndGlobalSection
EndGlobal
