
Microsoft Visual Studio Solution File, Format Version 12.00
# Visual Studio Version 16
VisualStudioVersion = 16.0.31624.102
MinimumVisualStudioVersion = 10.0.40219.1
Project("{FAE04EC0-301F-11D3-BF4B-00C04F79EFBC}") = "DockerDotNetCore", "DockerDotNetCore\DockerDotNetCore.csproj", "{73D96B71-D64E-4068-A3D4-5212DE4368A8}"
EndProject
Global
	GlobalSection(SolutionConfigurationPlatforms) = preSolution
		Debug|Any CPU = Debug|Any CPU
		Release|Any CPU = Release|Any CPU
	EndGlobalSection
	GlobalSection(ProjectConfigurationPlatforms) = postSolution
		{73D96B71-D64E-4068-A3D4-5212DE4368A8}.Debug|Any CPU.ActiveCfg = Debug|Any CPU
		{73D96B71-D64E-4068-A3D4-5212DE4368A8}.Debug|Any CPU.Build.0 = Debug|Any CPU
		{73D96B71-D64E-4068-A3D4-5212DE4368A8}.Release|Any CPU.ActiveCfg = Release|Any CPU
		{73D96B71-D64E-4068-A3D4-5212DE4368A8}.Release|Any CPU.Build.0 = Release|Any CPU
	EndGlobalSection
	GlobalSection(SolutionProperties) = preSolution
		HideSolutionNode = FALSE
	EndGlobalSection
	GlobalSection(ExtensibilityGlobals) = postSolution
		SolutionGuid = {12070E53-E5AC-4776-BC47-4C1FB45CE1D7}
	EndGlobalSection
EndGlobal
